# This file was autogenerated by Stack.
# You should not edit this file by hand.
# For more information, please see the documentation at:
#   https://docs.haskellstack.org/en/stable/lock_files

packages: []
snapshots:
- completed:
    sha256: 31a722458578b1f709b6fe098d9027bbb5c04b4430e7338a5e69707bd3990e5d
    size: 720019
    url: https://raw.githubusercontent.com/commercialhaskell/stackage-snapshots/master/lts/22/35.yaml
  original: lts-22.35
